
Microsoft Visual Studio Solution File, Format Version 12.00
# Visual Studio Version 17
VisualStudioVersion = 17.4.33205.214
MinimumVisualStudioVersion = 10.0.40219.1
Project("{2150E333-8FDC-42A3-9474-1A3956D46DE8}") = "References", "References", "{07E3CEC6-C64C-4967-9C8C-634FF91E7C05}"
	ProjectSection(SolutionItems) = preProject
		References\nuget.exe = References\nuget.exe
		References\NuGetContentInstaller.exe = References\NuGetContentInstaller.exe
		References\SetAssemblyVersion.exe = References\SetAssemblyVersion.exe
		References\SetAssemblyVersion.exe.config = References\SetAssemblyVersion.exe.config
		References\sn.exe = References\sn.exe
		References\sn.exe.config = References\sn.exe.config
	EndProjectSection
EndProject
Project("{FAE04EC0-301F-11D3-BF4B-00C04F79EFBC}") = "DLaB.AttributeManager", "DLaB.AttributeManager\DLaB.AttributeManager.csproj", "{FCB8A4E4-622B-413A-A531-B612E5F1436C}"
EndProject
Project("{2150E333-8FDC-42A3-9474-1A3956D46DE8}") = "NuGet", "NuGet", "{4209BA61-6ECE-4CD2-9E4E-56701E72C88C}"
	ProjectSection(SolutionItems) = preProject
		DLaB.AttributeManager\AttributeManager.nuspec = DLaB.AttributeManager\AttributeManager.nuspec
		DLaB.EarlyBoundGeneratorV2.Api\DLaB.EarlyBoundGeneratorV2.Api.nuspec = DLaB.EarlyBoundGeneratorV2.Api\DLaB.EarlyBoundGeneratorV2.Api.nuspec
		DLaB.EarlyBoundGenerator.Api\EarlyBoundGenerator.Api.nuspec = DLaB.EarlyBoundGenerator.Api\EarlyBoundGenerator.Api.nuspec
		DLaB.EarlyBoundGenerator\EarlyBoundGenerator.nuspec = DLaB.EarlyBoundGenerator\EarlyBoundGenerator.nuspec
		DLaB.EarlyBoundGeneratorV2\EarlyBoundGeneratorV2.nuspec = DLaB.EarlyBoundGeneratorV2\EarlyBoundGeneratorV2.nuspec
		DLaB.OutlookTimesheetCalculator\OutlookTimesheetCalculator.nuspec = DLaB.OutlookTimesheetCalculator\OutlookTimesheetCalculator.nuspec
		DLaB.VSSolutionAccelerator\VsSolutionAccelerator.nuspec = DLaB.VSSolutionAccelerator\VsSolutionAccelerator.nuspec
	EndProjectSection
EndProject
Project("{D954291E-2A0B-460D-934E-DC6B0785DB48}") = "DLaB.Xrm.Entities.Shared", "DLaB.Xrm.Entities\DLaB.Xrm.Entities.Shared.shproj", "{555B6BB7-C5B3-426A-9E23-A9C09AA7715C}"
EndProject
Project("{D954291E-2A0B-460D-934E-DC6B0785DB48}") = "DLaB.XrmToolBoxCommon.Shared", "DLaB.XrmToolBoxCommon\DLaB.XrmToolBoxCommon.Shared.shproj", "{9D4A0246-7F6D-459B-988C-26A47F6DBB6E}"
EndProject
Project("{FAE04EC0-301F-11D3-BF4B-00C04F79EFBC}") = "DLaB.VSSolutionAccelerator", "DLaB.VSSolutionAccelerator\DLaB.VSSolutionAccelerator.csproj", "{8EE4091F-3D10-433D-A59A-EE2F070FA22F}"
EndProject
Project("{FAE04EC0-301F-11D3-BF4B-00C04F79EFBC}") = "DLaB.VSSolutionAccelerator.Tests", "DLaB.VSSolutionAccelerator.Tests\DLaB.VSSolutionAccelerator.Tests.csproj", "{9FC14F50-B2B6-4327-96E6-CE66C42B6236}"
EndProject
Project("{D954291E-2A0B-460D-934E-DC6B0785DB48}") = "DLaB.Log.Shared", "DLaB.Log\DLaB.Log.Shared.shproj", "{A1789142-7510-42D5-AFF4-1BB37F2B08F8}"
EndProject
Project("{FAE04EC0-301F-11D3-BF4B-00C04F79EFBC}") = "EarlyBoundSettingsGenerator.SettingsUpdater", "EarlyBoundSettingsGenerator.SettingsUpdater\EarlyBoundSettingsGenerator.SettingsUpdater.csproj", "{D522F771-A62C-456B-A9E0-F677CACF3500}"
EndProject
Project("{FAE04EC0-301F-11D3-BF4B-00C04F79EFBC}") = "DLaB.OutlookTimesheetCalculator", "DLaB.OutlookTimesheetCalculator\DLaB.OutlookTimesheetCalculator.csproj", "{8CDEED18-34A8-482E-910F-C75173690D1D}"
EndProject
Project("{FAE04EC0-301F-11D3-BF4B-00C04F79EFBC}") = "DLaB.ModelBuilderExtensions", "DLaB.ModelBuilderExtensions\DLaB.ModelBuilderExtensions.csproj", "{7827FCAF-6AA2-46B9-BB88-0D3CA9DD4D32}"
EndProject
Project("{FAE04EC0-301F-11D3-BF4B-00C04F79EFBC}") = "DLaB.ModelBuilderExtensions.Tests", "DLaB.ModelBuilderExtensions.Tests\DLaB.ModelBuilderExtensions.Tests.csproj", "{9E7917B8-42E9-44CA-993A-15D7E60363EF}"
EndProject
Project("{FAE04EC0-301F-11D3-BF4B-00C04F79EFBC}") = "DLaB.EarlyBoundGeneratorV2", "DLaB.EarlyBoundGeneratorV2\DLaB.EarlyBoundGeneratorV2.csproj", "{DF755D05-ECAD-433C-AD2C-01649B27F238}"
EndProject
Project("{FAE04EC0-301F-11D3-BF4B-00C04F79EFBC}") = "DLaB.EarlyBoundGeneratorV2.Api", "DLaB.EarlyBoundGeneratorV2.Api\DLaB.EarlyBoundGeneratorV2.Api.csproj", "{A78782E0-E6BA-4443-BEBF-45507F58048D}"
EndProject
Project("{2150E333-8FDC-42A3-9474-1A3956D46DE8}") = "EarlyBoundV2", "EarlyBoundV2", "{041DE07D-2395-4C8E-AEF6-633C0A8FFB91}"
EndProject
Project("{FAE04EC0-301F-11D3-BF4B-00C04F79EFBC}") = "DLaB.CrmSvcUtilExtensions", "DLaB.CrmSvcUtilExtensions\DLaB.CrmSvcUtilExtensions.csproj", "{D2A3139A-54BD-4DC3-BF6C-D1562D4F4644}"
EndProject
Project("{FAE04EC0-301F-11D3-BF4B-00C04F79EFBC}") = "DLaB.CrmSvcUtilExtensions.Tests", "DLaB.CrmSvcUtilExtensions.Tests\DLaB.CrmSvcUtilExtensions.Tests.csproj", "{421ABA56-C7A2-4DAD-BE87-DB080CD0DDF9}"
EndProject
Project("{FAE04EC0-301F-11D3-BF4B-00C04F79EFBC}") = "DLaB.EarlyBoundGenerator", "DLaB.EarlyBoundGenerator\DLaB.EarlyBoundGenerator.csproj", "{7DE85F1A-794C-4E95-9E23-FA29DC110ABA}"
EndProject
Project("{FAE04EC0-301F-11D3-BF4B-00C04F79EFBC}") = "DLaB.EarlyBoundGenerator.Api", "DLaB.EarlyBoundGenerator.Api\DLaB.EarlyBoundGenerator.Api.csproj", "{0A143E92-0EDE-4630-9BFE-C670BF4C310A}"
EndProject
Project("{D954291E-2A0B-460D-934E-DC6B0785DB48}") = "DLaB.EarlyBoundGenerator.Logic", "DLaB.EarlyBoundGenerator.Logic\DLaB.EarlyBoundGenerator.Logic.shproj", "{FE8B91E7-C778-4712-BBF0-537736442B51}"
EndProject
Project("{2150E333-8FDC-42A3-9474-1A3956D46DE8}") = "EarlyBound", "EarlyBound", "{9CE96A55-E851-478D-954A-55D727AC2262}"
EndProject
Project("{FAE04EC0-301F-11D3-BF4B-00C04F79EFBC}") = "DLaB.Log", "DLaB.Log\DLaB.Log.csproj", "{C2FA0C39-CB9E-4C4B-9995-FECDD795B5C2}"
EndProject
Project("{FAE04EC0-301F-11D3-BF4B-00C04F79EFBC}") = "DLaB.Xrm.Entities", "DLaB.Xrm.Entities\DLaB.Xrm.Entities.csproj", "{AFCDE5B1-E45E-43E6-A0EA-AE4D43A08BB7}"
EndProject
Project("{FAE04EC0-301F-11D3-BF4B-00C04F79EFBC}") = "DLaB.XrmToolBoxCommon", "DLaB.XrmToolBoxCommon\DLaB.XrmToolBoxCommon.csproj", "{E98FB2E7-13F8-40A6-9FF3-6F64E930B5ED}"
EndProject
Project("{FAE04EC0-301F-11D3-BF4B-00C04F79EFBC}") = "DLaB.Xrm.Entities.XrmToolBoxCommon", "DLaB.Xrm.Entities.XrmToolBoxCommon\DLaB.Xrm.Entities.XrmToolBoxCommon.csproj", "{BD522185-E050-4EB0-BF14-4EE5283C84D9}"
EndProject
Project("{FAE04EC0-301F-11D3-BF4B-00C04F79EFBC}") = "DLaB.EarlyBoundGeneratorV2.Logic", "DLaB.EarlyBoundGeneratorV2.Logic\DLaB.EarlyBoundGeneratorV2.Logic.csproj", "{46FA9089-9D5F-4C61-A6E6-196BF3D81371}"
EndProject
Global
	GlobalSection(SolutionConfigurationPlatforms) = preSolution
		Debug|Any CPU = Debug|Any CPU
		Debug|x86 = Debug|x86
		Release|Any CPU = Release|Any CPU
		Release|x86 = Release|x86
	EndGlobalSection
	GlobalSection(ProjectConfigurationPlatforms) = postSolution
		{FCB8A4E4-622B-413A-A531-B612E5F1436C}.Debug|Any CPU.ActiveCfg = Debug|Any CPU
		{FCB8A4E4-622B-413A-A531-B612E5F1436C}.Debug|Any CPU.Build.0 = Debug|Any CPU
		{FCB8A4E4-622B-413A-A531-B612E5F1436C}.Debug|x86.ActiveCfg = Debug|Any CPU
		{FCB8A4E4-622B-413A-A531-B612E5F1436C}.Release|Any CPU.ActiveCfg = Release|Any CPU
		{FCB8A4E4-622B-413A-A531-B612E5F1436C}.Release|Any CPU.Build.0 = Release|Any CPU
		{FCB8A4E4-622B-413A-A531-B612E5F1436C}.Release|x86.ActiveCfg = Release|Any CPU
		{8EE4091F-3D10-433D-A59A-EE2F070FA22F}.Debug|Any CPU.ActiveCfg = Debug|Any CPU
		{8EE4091F-3D10-433D-A59A-EE2F070FA22F}.Debug|Any CPU.Build.0 = Debug|Any CPU
		{8EE4091F-3D10-433D-A59A-EE2F070FA22F}.Debug|x86.ActiveCfg = Debug|Any CPU
		{8EE4091F-3D10-433D-A59A-EE2F070FA22F}.Release|Any CPU.ActiveCfg = Release|Any CPU
		{8EE4091F-3D10-433D-A59A-EE2F070FA22F}.Release|Any CPU.Build.0 = Release|Any CPU
		{8EE4091F-3D10-433D-A59A-EE2F070FA22F}.Release|x86.ActiveCfg = Release|Any CPU
		{9FC14F50-B2B6-4327-96E6-CE66C42B6236}.Debug|Any CPU.ActiveCfg = Debug|Any CPU
		{9FC14F50-B2B6-4327-96E6-CE66C42B6236}.Debug|Any CPU.Build.0 = Debug|Any CPU
		{9FC14F50-B2B6-4327-96E6-CE66C42B6236}.Debug|x86.ActiveCfg = Debug|Any CPU
		{9FC14F50-B2B6-4327-96E6-CE66C42B6236}.Release|Any CPU.ActiveCfg = Release|Any CPU
		{9FC14F50-B2B6-4327-96E6-CE66C42B6236}.Release|Any CPU.Build.0 = Release|Any CPU
		{9FC14F50-B2B6-4327-96E6-CE66C42B6236}.Release|x86.ActiveCfg = Release|Any CPU
		{D522F771-A62C-456B-A9E0-F677CACF3500}.Debug|Any CPU.ActiveCfg = Debug|Any CPU
		{D522F771-A62C-456B-A9E0-F677CACF3500}.Debug|Any CPU.Build.0 = Debug|Any CPU
		{D522F771-A62C-456B-A9E0-F677CACF3500}.Debug|x86.ActiveCfg = Debug|Any CPU
		{D522F771-A62C-456B-A9E0-F677CACF3500}.Debug|x86.Build.0 = Debug|Any CPU
		{D522F771-A62C-456B-A9E0-F677CACF3500}.Release|Any CPU.ActiveCfg = Release|Any CPU
		{D522F771-A62C-456B-A9E0-F677CACF3500}.Release|Any CPU.Build.0 = Release|Any CPU
		{D522F771-A62C-456B-A9E0-F677CACF3500}.Release|x86.ActiveCfg = Release|Any CPU
		{D522F771-A62C-456B-A9E0-F677CACF3500}.Release|x86.Build.0 = Release|Any CPU
		{8CDEED18-34A8-482E-910F-C75173690D1D}.Debug|Any CPU.ActiveCfg = Debug|Any CPU
		{8CDEED18-34A8-482E-910F-C75173690D1D}.Debug|Any CPU.Build.0 = Debug|Any CPU
		{8CDEED18-34A8-482E-910F-C75173690D1D}.Debug|x86.ActiveCfg = Debug|Any CPU
		{8CDEED18-34A8-482E-910F-C75173690D1D}.Release|Any CPU.ActiveCfg = Release|Any CPU
		{8CDEED18-34A8-482E-910F-C75173690D1D}.Release|Any CPU.Build.0 = Release|Any CPU
		{8CDEED18-34A8-482E-910F-C75173690D1D}.Release|x86.ActiveCfg = Release|Any CPU
		{7827FCAF-6AA2-46B9-BB88-0D3CA9DD4D32}.Debug|Any CPU.ActiveCfg = Debug|Any CPU
		{7827FCAF-6AA2-46B9-BB88-0D3CA9DD4D32}.Debug|Any CPU.Build.0 = Debug|Any CPU
		{7827FCAF-6AA2-46B9-BB88-0D3CA9DD4D32}.Debug|x86.ActiveCfg = Debug|Any CPU
		{7827FCAF-6AA2-46B9-BB88-0D3CA9DD4D32}.Debug|x86.Build.0 = Debug|Any CPU
		{7827FCAF-6AA2-46B9-BB88-0D3CA9DD4D32}.Release|Any CPU.ActiveCfg = Release|Any CPU
		{7827FCAF-6AA2-46B9-BB88-0D3CA9DD4D32}.Release|Any CPU.Build.0 = Release|Any CPU
		{7827FCAF-6AA2-46B9-BB88-0D3CA9DD4D32}.Release|x86.ActiveCfg = Release|Any CPU
		{7827FCAF-6AA2-46B9-BB88-0D3CA9DD4D32}.Release|x86.Build.0 = Release|Any CPU
		{9E7917B8-42E9-44CA-993A-15D7E60363EF}.Debug|Any CPU.ActiveCfg = Debug|Any CPU
		{9E7917B8-42E9-44CA-993A-15D7E60363EF}.Debug|Any CPU.Build.0 = Debug|Any CPU
		{9E7917B8-42E9-44CA-993A-15D7E60363EF}.Debug|x86.ActiveCfg = Debug|Any CPU
		{9E7917B8-42E9-44CA-993A-15D7E60363EF}.Debug|x86.Build.0 = Debug|Any CPU
		{9E7917B8-42E9-44CA-993A-15D7E60363EF}.Release|Any CPU.ActiveCfg = Release|Any CPU
		{9E7917B8-42E9-44CA-993A-15D7E60363EF}.Release|Any CPU.Build.0 = Release|Any CPU
		{9E7917B8-42E9-44CA-993A-15D7E60363EF}.Release|x86.ActiveCfg = Release|Any CPU
		{9E7917B8-42E9-44CA-993A-15D7E60363EF}.Release|x86.Build.0 = Release|Any CPU
		{DF755D05-ECAD-433C-AD2C-01649B27F238}.Debug|Any CPU.ActiveCfg = Debug|Any CPU
		{DF755D05-ECAD-433C-AD2C-01649B27F238}.Debug|Any CPU.Build.0 = Debug|Any CPU
		{DF755D05-ECAD-433C-AD2C-01649B27F238}.Debug|x86.ActiveCfg = Debug|Any CPU
		{DF755D05-ECAD-433C-AD2C-01649B27F238}.Debug|x86.Build.0 = Debug|Any CPU
		{DF755D05-ECAD-433C-AD2C-01649B27F238}.Release|Any CPU.ActiveCfg = Release|Any CPU
		{DF755D05-ECAD-433C-AD2C-01649B27F238}.Release|Any CPU.Build.0 = Release|Any CPU
		{DF755D05-ECAD-433C-AD2C-01649B27F238}.Release|x86.ActiveCfg = Release|Any CPU
		{DF755D05-ECAD-433C-AD2C-01649B27F238}.Release|x86.Build.0 = Release|Any CPU
		{A78782E0-E6BA-4443-BEBF-45507F58048D}.Debug|Any CPU.ActiveCfg = Debug|Any CPU
		{A78782E0-E6BA-4443-BEBF-45507F58048D}.Debug|Any CPU.Build.0 = Debug|Any CPU
		{A78782E0-E6BA-4443-BEBF-45507F58048D}.Debug|x86.ActiveCfg = Debug|Any CPU
		{A78782E0-E6BA-4443-BEBF-45507F58048D}.Debug|x86.Build.0 = Debug|Any CPU
		{A78782E0-E6BA-4443-BEBF-45507F58048D}.Release|Any CPU.ActiveCfg = Release|Any CPU
		{A78782E0-E6BA-4443-BEBF-45507F58048D}.Release|Any CPU.Build.0 = Release|Any CPU
		{A78782E0-E6BA-4443-BEBF-45507F58048D}.Release|x86.ActiveCfg = Release|Any CPU
		{A78782E0-E6BA-4443-BEBF-45507F58048D}.Release|x86.Build.0 = Release|Any CPU
		{D2A3139A-54BD-4DC3-BF6C-D1562D4F4644}.Debug|Any CPU.ActiveCfg = Debug|Any CPU
		{D2A3139A-54BD-4DC3-BF6C-D1562D4F4644}.Debug|Any CPU.Build.0 = Debug|Any CPU
		{D2A3139A-54BD-4DC3-BF6C-D1562D4F4644}.Debug|x86.ActiveCfg = Debug|Any CPU
		{D2A3139A-54BD-4DC3-BF6C-D1562D4F4644}.Debug|x86.Build.0 = Debug|Any CPU
		{D2A3139A-54BD-4DC3-BF6C-D1562D4F4644}.Release|Any CPU.ActiveCfg = Release|Any CPU
		{D2A3139A-54BD-4DC3-BF6C-D1562D4F4644}.Release|Any CPU.Build.0 = Release|Any CPU
		{D2A3139A-54BD-4DC3-BF6C-D1562D4F4644}.Release|x86.ActiveCfg = Release|Any CPU
		{D2A3139A-54BD-4DC3-BF6C-D1562D4F4644}.Release|x86.Build.0 = Release|Any CPU
		{421ABA56-C7A2-4DAD-BE87-DB080CD0DDF9}.Debug|Any CPU.ActiveCfg = Debug|Any CPU
		{421ABA56-C7A2-4DAD-BE87-DB080CD0DDF9}.Debug|Any CPU.Build.0 = Debug|Any CPU
		{421ABA56-C7A2-4DAD-BE87-DB080CD0DDF9}.Debug|x86.ActiveCfg = Debug|Any CPU
		{421ABA56-C7A2-4DAD-BE87-DB080CD0DDF9}.Debug|x86.Build.0 = Debug|Any CPU
		{421ABA56-C7A2-4DAD-BE87-DB080CD0DDF9}.Release|Any CPU.ActiveCfg = Release|Any CPU
		{421ABA56-C7A2-4DAD-BE87-DB080CD0DDF9}.Release|Any CPU.Build.0 = Release|Any CPU
		{421ABA56-C7A2-4DAD-BE87-DB080CD0DDF9}.Release|x86.ActiveCfg = Release|Any CPU
		{421ABA56-C7A2-4DAD-BE87-DB080CD0DDF9}.Release|x86.Build.0 = Release|Any CPU
		{7DE85F1A-794C-4E95-9E23-FA29DC110ABA}.Debug|Any CPU.ActiveCfg = Debug|Any CPU
		{7DE85F1A-794C-4E95-9E23-FA29DC110ABA}.Debug|Any CPU.Build.0 = Debug|Any CPU
		{7DE85F1A-794C-4E95-9E23-FA29DC110ABA}.Debug|x86.ActiveCfg = Debug|Any CPU
		{7DE85F1A-794C-4E95-9E23-FA29DC110ABA}.Debug|x86.Build.0 = Debug|Any CPU
		{7DE85F1A-794C-4E95-9E23-FA29DC110ABA}.Release|Any CPU.ActiveCfg = Release|Any CPU
		{7DE85F1A-794C-4E95-9E23-FA29DC110ABA}.Release|Any CPU.Build.0 = Release|Any CPU
		{7DE85F1A-794C-4E95-9E23-FA29DC110ABA}.Release|x86.ActiveCfg = Release|Any CPU
		{7DE85F1A-794C-4E95-9E23-FA29DC110ABA}.Release|x86.Build.0 = Release|Any CPU
		{0A143E92-0EDE-4630-9BFE-C670BF4C310A}.Debug|Any CPU.ActiveCfg = Debug|Any CPU
		{0A143E92-0EDE-4630-9BFE-C670BF4C310A}.Debug|Any CPU.Build.0 = Debug|Any CPU
		{0A143E92-0EDE-4630-9BFE-C670BF4C310A}.Debug|x86.ActiveCfg = Debug|Any CPU
		{0A143E92-0EDE-4630-9BFE-C670BF4C310A}.Debug|x86.Build.0 = Debug|Any CPU
		{0A143E92-0EDE-4630-9BFE-C670BF4C310A}.Release|Any CPU.ActiveCfg = Release|Any CPU
		{0A143E92-0EDE-4630-9BFE-C670BF4C310A}.Release|Any CPU.Build.0 = Release|Any CPU
		{0A143E92-0EDE-4630-9BFE-C670BF4C310A}.Release|x86.ActiveCfg = Release|Any CPU
		{0A143E92-0EDE-4630-9BFE-C670BF4C310A}.Release|x86.Build.0 = Release|Any CPU
		{C2FA0C39-CB9E-4C4B-9995-FECDD795B5C2}.Debug|Any CPU.ActiveCfg = Debug|Any CPU
		{C2FA0C39-CB9E-4C4B-9995-FECDD795B5C2}.Debug|Any CPU.Build.0 = Debug|Any CPU
		{C2FA0C39-CB9E-4C4B-9995-FECDD795B5C2}.Debug|x86.ActiveCfg = Debug|Any CPU
		{C2FA0C39-CB9E-4C4B-9995-FECDD795B5C2}.Debug|x86.Build.0 = Debug|Any CPU
		{C2FA0C39-CB9E-4C4B-9995-FECDD795B5C2}.Release|Any CPU.ActiveCfg = Release|Any CPU
		{C2FA0C39-CB9E-4C4B-9995-FECDD795B5C2}.Release|Any CPU.Build.0 = Release|Any CPU
		{C2FA0C39-CB9E-4C4B-9995-FECDD795B5C2}.Release|x86.ActiveCfg = Release|Any CPU
		{C2FA0C39-CB9E-4C4B-9995-FECDD795B5C2}.Release|x86.Build.0 = Release|Any CPU
		{AFCDE5B1-E45E-43E6-A0EA-AE4D43A08BB7}.Debug|Any CPU.ActiveCfg = Debug|Any CPU
		{AFCDE5B1-E45E-43E6-A0EA-AE4D43A08BB7}.Debug|Any CPU.Build.0 = Debug|Any CPU
		{AFCDE5B1-E45E-43E6-A0EA-AE4D43A08BB7}.Debug|x86.ActiveCfg = Debug|Any CPU
		{AFCDE5B1-E45E-43E6-A0EA-AE4D43A08BB7}.Debug|x86.Build.0 = Debug|Any CPU
		{AFCDE5B1-E45E-43E6-A0EA-AE4D43A08BB7}.Release|Any CPU.ActiveCfg = Release|Any CPU
		{AFCDE5B1-E45E-43E6-A0EA-AE4D43A08BB7}.Release|Any CPU.Build.0 = Release|Any CPU
		{AFCDE5B1-E45E-43E6-A0EA-AE4D43A08BB7}.Release|x86.ActiveCfg = Release|Any CPU
		{AFCDE5B1-E45E-43E6-A0EA-AE4D43A08BB7}.Release|x86.Build.0 = Release|Any CPU
		{E98FB2E7-13F8-40A6-9FF3-6F64E930B5ED}.Debug|Any CPU.ActiveCfg = Debug|Any CPU
		{E98FB2E7-13F8-40A6-9FF3-6F64E930B5ED}.Debug|Any CPU.Build.0 = Debug|Any CPU
		{E98FB2E7-13F8-40A6-9FF3-6F64E930B5ED}.Debug|x86.ActiveCfg = Debug|Any CPU
		{E98FB2E7-13F8-40A6-9FF3-6F64E930B5ED}.Debug|x86.Build.0 = Debug|Any CPU
		{E98FB2E7-13F8-40A6-9FF3-6F64E930B5ED}.Release|Any CPU.ActiveCfg = Release|Any CPU
		{E98FB2E7-13F8-40A6-9FF3-6F64E930B5ED}.Release|Any CPU.Build.0 = Release|Any CPU
		{E98FB2E7-13F8-40A6-9FF3-6F64E930B5ED}.Release|x86.ActiveCfg = Release|Any CPU
		{E98FB2E7-13F8-40A6-9FF3-6F64E930B5ED}.Release|x86.Build.0 = Release|Any CPU
		{BD522185-E050-4EB0-BF14-4EE5283C84D9}.Debug|Any CPU.ActiveCfg = Debug|Any CPU
		{BD522185-E050-4EB0-BF14-4EE5283C84D9}.Debug|Any CPU.Build.0 = Debug|Any CPU
		{BD522185-E050-4EB0-BF14-4EE5283C84D9}.Debug|x86.ActiveCfg = Debug|Any CPU
		{BD522185-E050-4EB0-BF14-4EE5283C84D9}.Debug|x86.Build.0 = Debug|Any CPU
		{BD522185-E050-4EB0-BF14-4EE5283C84D9}.Release|Any CPU.ActiveCfg = Release|Any CPU
		{BD522185-E050-4EB0-BF14-4EE5283C84D9}.Release|Any CPU.Build.0 = Release|Any CPU
		{BD522185-E050-4EB0-BF14-4EE5283C84D9}.Release|x86.ActiveCfg = Release|Any CPU
		{BD522185-E050-4EB0-BF14-4EE5283C84D9}.Release|x86.Build.0 = Release|Any CPU
		{46FA9089-9D5F-4C61-A6E6-196BF3D81371}.Debug|Any CPU.ActiveCfg = Debug|Any CPU
		{46FA9089-9D5F-4C61-A6E6-196BF3D81371}.Debug|Any CPU.Build.0 = Debug|Any CPU
		{46FA9089-9D5F-4C61-A6E6-196BF3D81371}.Debug|x86.ActiveCfg = Debug|Any CPU
		{46FA9089-9D5F-4C61-A6E6-196BF3D81371}.Debug|x86.Build.0 = Debug|Any CPU
		{46FA9089-9D5F-4C61-A6E6-196BF3D81371}.Release|Any CPU.ActiveCfg = Release|Any CPU
		{46FA9089-9D5F-4C61-A6E6-196BF3D81371}.Release|Any CPU.Build.0 = Release|Any CPU
		{46FA9089-9D5F-4C61-A6E6-196BF3D81371}.Release|x86.ActiveCfg = Release|Any CPU
		{46FA9089-9D5F-4C61-A6E6-196BF3D81371}.Release|x86.Build.0 = Release|Any CPU
	EndGlobalSection
	GlobalSection(SolutionProperties) = preSolution
		HideSolutionNode = FALSE
	EndGlobalSection
	GlobalSection(NestedProjects) = preSolution
		{D522F771-A62C-456B-A9E0-F677CACF3500} = {041DE07D-2395-4C8E-AEF6-633C0A8FFB91}
		{7827FCAF-6AA2-46B9-BB88-0D3CA9DD4D32} = {041DE07D-2395-4C8E-AEF6-633C0A8FFB91}
		{9E7917B8-42E9-44CA-993A-15D7E60363EF} = {041DE07D-2395-4C8E-AEF6-633C0A8FFB91}
		{DF755D05-ECAD-433C-AD2C-01649B27F238} = {041DE07D-2395-4C8E-AEF6-633C0A8FFB91}
		{A78782E0-E6BA-4443-BEBF-45507F58048D} = {041DE07D-2395-4C8E-AEF6-633C0A8FFB91}
		{D2A3139A-54BD-4DC3-BF6C-D1562D4F4644} = {9CE96A55-E851-478D-954A-55D727AC2262}
		{421ABA56-C7A2-4DAD-BE87-DB080CD0DDF9} = {9CE96A55-E851-478D-954A-55D727AC2262}
		{7DE85F1A-794C-4E95-9E23-FA29DC110ABA} = {9CE96A55-E851-478D-954A-55D727AC2262}
		{0A143E92-0EDE-4630-9BFE-C670BF4C310A} = {9CE96A55-E851-478D-954A-55D727AC2262}
		{FE8B91E7-C778-4712-BBF0-537736442B51} = {9CE96A55-E851-478D-954A-55D727AC2262}
		{46FA9089-9D5F-4C61-A6E6-196BF3D81371} = {041DE07D-2395-4C8E-AEF6-633C0A8FFB91}
	EndGlobalSection
	GlobalSection(ExtensibilityGlobals) = postSolution
		SolutionGuid = {097D800D-2F9C-4108-88C8-B236EAA12F1F}
	EndGlobalSection
	GlobalSection(SharedMSBuildProjectFiles) = preSolution
		DLaB.Xrm.Entities\DLaB.Xrm.Entities.projitems*{555b6bb7-c5b3-426a-9e23-a9c09aa7715c}*SharedItemsImports = 13
		DLaB.XrmToolBoxCommon\DLaB.XrmToolBoxCommon.projitems*{9d4a0246-7f6d-459b-988c-26a47f6dbb6e}*SharedItemsImports = 13
		DLaB.Log\DLaB.Log.projitems*{a1789142-7510-42d5-aff4-1bb37f2b08f8}*SharedItemsImports = 13
		DLaB.XrmToolBoxCommon\DLaB.XrmToolBoxCommon.projitems*{df755d05-ecad-433c-ad2c-01649b27f238}*SharedItemsImports = 4
		DLaB.XrmToolBoxCommon\DLaB.XrmToolBoxCommon.projitems*{fcb8a4e4-622b-413a-a531-b612e5f1436c}*SharedItemsImports = 4
	EndGlobalSection
EndGlobal
