
Microsoft Visual Studio Solution File, Format Version 12.00
# Visual Studio 15
VisualStudioVersion = 15.0.27004.2008
MinimumVisualStudioVersion = 10.0.40219.1
Project("{2150E333-8FDC-42A3-9474-1A3956D46DE8}") = "References", "References", "{07E3CEC6-C64C-4967-9C8C-634FF91E7C05}"
	ProjectSection(SolutionItems) = preProject
		References\Microsoft.Xrm.Client.CodeGeneration.dll = References\Microsoft.Xrm.Client.CodeGeneration.dll
		References\Microsoft.Xrm.Client.dll = References\Microsoft.Xrm.Client.dll
		References\nuget.exe = References\nuget.exe
		References\NuGetContentInstaller.exe = References\NuGetContentInstaller.exe
		References\SetAssemblyVersion.exe = References\SetAssemblyVersion.exe
		References\SetAssemblyVersion.exe.config = References\SetAssemblyVersion.exe.config
		References\sn.exe = References\sn.exe
		References\sn.exe.config = References\sn.exe.config
	EndProjectSection
EndProject
Project("{FAE04EC0-301F-11D3-BF4B-00C04F79EFBC}") = "DLaB.EarlyBoundGenerator", "DLaB.EarlyBoundGenerator\DLaB.EarlyBoundGenerator.csproj", "{7DE85F1A-794C-4E95-9E23-FA29DC110ABA}"
	ProjectSection(ProjectDependencies) = postProject
		{7827FCAF-6AA2-46B9-BB88-0D3CA9DD4D32} = {7827FCAF-6AA2-46B9-BB88-0D3CA9DD4D32}
	EndProjectSection
EndProject
Project("{FAE04EC0-301F-11D3-BF4B-00C04F79EFBC}") = "DLaB.CrmSvcUtilExtensions", "DLaB.CrmSvcUtilExtensions\DLaB.CrmSvcUtilExtensions.csproj", "{7827FCAF-6AA2-46B9-BB88-0D3CA9DD4D32}"
EndProject
Project("{FAE04EC0-301F-11D3-BF4B-00C04F79EFBC}") = "DLaB.AttributeManager", "DLaB.AttributeManager\DLaB.AttributeManager.csproj", "{FCB8A4E4-622B-413A-A531-B612E5F1436C}"
EndProject
Project("{2150E333-8FDC-42A3-9474-1A3956D46DE8}") = "NuGet", "NuGet", "{4209BA61-6ECE-4CD2-9E4E-56701E72C88C}"
	ProjectSection(SolutionItems) = preProject
		DLaB.AttributeManager\AttributeManager.nuspec = DLaB.AttributeManager\AttributeManager.nuspec
		DLaB.EarlyBoundGenerator.Api\EarlyBoundGenerator.Api.nuspec = DLaB.EarlyBoundGenerator.Api\EarlyBoundGenerator.Api.nuspec
		DLaB.EarlyBoundGenerator\EarlyBoundGenerator.nuspec = DLaB.EarlyBoundGenerator\EarlyBoundGenerator.nuspec
		DLaB.VSSolutionAccelerator\VsSolutionAccelerator.nuspec = DLaB.VSSolutionAccelerator\VsSolutionAccelerator.nuspec
	EndProjectSection
EndProject
Project("{FAE04EC0-301F-11D3-BF4B-00C04F79EFBC}") = "DLaB.CrmSvcUtilExtensions.Tests", "DLaB.CrmSvcUtilExtensions.Tests\DLaB.CrmSvcUtilExtensions.Tests.csproj", "{9E7917B8-42E9-44CA-993A-15D7E60363EF}"
EndProject
Project("{D954291E-2A0B-460D-934E-DC6B0785DB48}") = "DLaB.Xrm.Entities", "DLaB.Xrm.Entities\DLaB.Xrm.Entities.shproj", "{555B6BB7-C5B3-426A-9E23-A9C09AA7715C}"
EndProject
Project("{D954291E-2A0B-460D-934E-DC6B0785DB48}") = "DLaB.XrmToolBoxCommon", "DLaB.XrmToolBoxCommon\DLaB.XrmToolBoxCommon.shproj", "{9D4A0246-7F6D-459B-988C-26A47F6DBB6E}"
EndProject
Project("{D954291E-2A0B-460D-934E-DC6B0785DB48}") = "DLaB.EarlyBoundGenerator.Logic", "DLaB.EarlyBoundGenerator.Logic\DLaB.EarlyBoundGenerator.Logic.shproj", "{FE8B91E7-C778-4712-BBF0-537736442B51}"
EndProject
Project("{FAE04EC0-301F-11D3-BF4B-00C04F79EFBC}") = "DLaB.EarlyBoundGenerator.Api", "DLaB.EarlyBoundGenerator.Api\DLaB.EarlyBoundGenerator.Api.csproj", "{0A143E92-0EDE-4630-9BFE-C670BF4C310A}"
EndProject
Project("{FAE04EC0-301F-11D3-BF4B-00C04F79EFBC}") = "DLaB.VSSolutionAccelerator", "DLaB.VSSolutionAccelerator\DLaB.VSSolutionAccelerator.csproj", "{8EE4091F-3D10-433D-A59A-EE2F070FA22F}"
EndProject
Project("{FAE04EC0-301F-11D3-BF4B-00C04F79EFBC}") = "DLaB.VSSolutionAccelerator.Tests", "DLaB.VSSolutionAccelerator.Tests\DLaB.VSSolutionAccelerator.Tests.csproj", "{9FC14F50-B2B6-4327-96E6-CE66C42B6236}"
EndProject
Project("{D954291E-2A0B-460D-934E-DC6B0785DB48}") = "DLaB.Log", "DLaB.Log\DLaB.Log.shproj", "{A1789142-7510-42D5-AFF4-1BB37F2B08F8}"
EndProject
Global
	GlobalSection(SharedMSBuildProjectFiles) = preSolution
		DLaB.EarlyBoundGenerator.Logic\DLaB.EarlyBoundGenerator.Logic.projitems*{0a143e92-0ede-4630-9bfe-c670bf4c310a}*SharedItemsImports = 4
		DLaB.Log\DLaB.Log.projitems*{0a143e92-0ede-4630-9bfe-c670bf4c310a}*SharedItemsImports = 4
		DLaB.Xrm.Entities\DLaB.Xrm.Entities.projitems*{555b6bb7-c5b3-426a-9e23-a9c09aa7715c}*SharedItemsImports = 13
		DLaB.EarlyBoundGenerator.Logic\DLaB.EarlyBoundGenerator.Logic.projitems*{7de85f1a-794c-4e95-9e23-fa29dc110aba}*SharedItemsImports = 4
		DLaB.Log\DLaB.Log.projitems*{7de85f1a-794c-4e95-9e23-fa29dc110aba}*SharedItemsImports = 4
		DLaB.Xrm.Entities\DLaB.Xrm.Entities.projitems*{7de85f1a-794c-4e95-9e23-fa29dc110aba}*SharedItemsImports = 4
		DLaB.XrmToolBoxCommon\DLaB.XrmToolBoxCommon.projitems*{7de85f1a-794c-4e95-9e23-fa29dc110aba}*SharedItemsImports = 4
		DLaB.EarlyBoundGenerator.Logic\DLaB.EarlyBoundGenerator.Logic.projitems*{8ee4091f-3d10-433d-a59a-ee2f070fa22f}*SharedItemsImports = 4
		DLaB.Log\DLaB.Log.projitems*{8ee4091f-3d10-433d-a59a-ee2f070fa22f}*SharedItemsImports = 4
		DLaB.Xrm.Entities\DLaB.Xrm.Entities.projitems*{8ee4091f-3d10-433d-a59a-ee2f070fa22f}*SharedItemsImports = 4
		DLaB.XrmToolBoxCommon\DLaB.XrmToolBoxCommon.projitems*{8ee4091f-3d10-433d-a59a-ee2f070fa22f}*SharedItemsImports = 4
		DLaB.XrmToolBoxCommon\DLaB.XrmToolBoxCommon.projitems*{9d4a0246-7f6d-459b-988c-26a47f6dbb6e}*SharedItemsImports = 13
		DLaB.Log\DLaB.Log.projitems*{a1789142-7510-42d5-aff4-1bb37f2b08f8}*SharedItemsImports = 13
		DLaB.Log\DLaB.Log.projitems*{fcb8a4e4-622b-413a-a531-b612e5f1436c}*SharedItemsImports = 4
		DLaB.Xrm.Entities\DLaB.Xrm.Entities.projitems*{fcb8a4e4-622b-413a-a531-b612e5f1436c}*SharedItemsImports = 4
		DLaB.XrmToolBoxCommon\DLaB.XrmToolBoxCommon.projitems*{fcb8a4e4-622b-413a-a531-b612e5f1436c}*SharedItemsImports = 4
		DLaB.EarlyBoundGenerator.Logic\DLaB.EarlyBoundGenerator.Logic.projitems*{fe8b91e7-c778-4712-bbf0-537736442b51}*SharedItemsImports = 13
	EndGlobalSection
	GlobalSection(SolutionConfigurationPlatforms) = preSolution
		Debug|Any CPU = Debug|Any CPU
		Release|Any CPU = Release|Any CPU
	EndGlobalSection
	GlobalSection(ProjectConfigurationPlatforms) = postSolution
		{7DE85F1A-794C-4E95-9E23-FA29DC110ABA}.Debug|Any CPU.ActiveCfg = Debug|Any CPU
		{7DE85F1A-794C-4E95-9E23-FA29DC110ABA}.Debug|Any CPU.Build.0 = Debug|Any CPU
		{7DE85F1A-794C-4E95-9E23-FA29DC110ABA}.Release|Any CPU.ActiveCfg = Release|Any CPU
		{7DE85F1A-794C-4E95-9E23-FA29DC110ABA}.Release|Any CPU.Build.0 = Release|Any CPU
		{7827FCAF-6AA2-46B9-BB88-0D3CA9DD4D32}.Debug|Any CPU.ActiveCfg = Debug|Any CPU
		{7827FCAF-6AA2-46B9-BB88-0D3CA9DD4D32}.Debug|Any CPU.Build.0 = Debug|Any CPU
		{7827FCAF-6AA2-46B9-BB88-0D3CA9DD4D32}.Release|Any CPU.ActiveCfg = Release|Any CPU
		{7827FCAF-6AA2-46B9-BB88-0D3CA9DD4D32}.Release|Any CPU.Build.0 = Release|Any CPU
		{FCB8A4E4-622B-413A-A531-B612E5F1436C}.Debug|Any CPU.ActiveCfg = Debug|Any CPU
		{FCB8A4E4-622B-413A-A531-B612E5F1436C}.Debug|Any CPU.Build.0 = Debug|Any CPU
		{FCB8A4E4-622B-413A-A531-B612E5F1436C}.Release|Any CPU.ActiveCfg = Release|Any CPU
		{FCB8A4E4-622B-413A-A531-B612E5F1436C}.Release|Any CPU.Build.0 = Release|Any CPU
		{9E7917B8-42E9-44CA-993A-15D7E60363EF}.Debug|Any CPU.ActiveCfg = Debug|Any CPU
		{9E7917B8-42E9-44CA-993A-15D7E60363EF}.Debug|Any CPU.Build.0 = Debug|Any CPU
		{9E7917B8-42E9-44CA-993A-15D7E60363EF}.Release|Any CPU.ActiveCfg = Release|Any CPU
		{9E7917B8-42E9-44CA-993A-15D7E60363EF}.Release|Any CPU.Build.0 = Release|Any CPU
		{0A143E92-0EDE-4630-9BFE-C670BF4C310A}.Debug|Any CPU.ActiveCfg = Debug|Any CPU
		{0A143E92-0EDE-4630-9BFE-C670BF4C310A}.Debug|Any CPU.Build.0 = Debug|Any CPU
		{0A143E92-0EDE-4630-9BFE-C670BF4C310A}.Release|Any CPU.ActiveCfg = Release|Any CPU
		{0A143E92-0EDE-4630-9BFE-C670BF4C310A}.Release|Any CPU.Build.0 = Release|Any CPU
		{8EE4091F-3D10-433D-A59A-EE2F070FA22F}.Debug|Any CPU.ActiveCfg = Debug|Any CPU
		{8EE4091F-3D10-433D-A59A-EE2F070FA22F}.Debug|Any CPU.Build.0 = Debug|Any CPU
		{8EE4091F-3D10-433D-A59A-EE2F070FA22F}.Release|Any CPU.ActiveCfg = Release|Any CPU
		{8EE4091F-3D10-433D-A59A-EE2F070FA22F}.Release|Any CPU.Build.0 = Release|Any CPU
		{9FC14F50-B2B6-4327-96E6-CE66C42B6236}.Debug|Any CPU.ActiveCfg = Debug|Any CPU
		{9FC14F50-B2B6-4327-96E6-CE66C42B6236}.Debug|Any CPU.Build.0 = Debug|Any CPU
		{9FC14F50-B2B6-4327-96E6-CE66C42B6236}.Release|Any CPU.ActiveCfg = Release|Any CPU
		{9FC14F50-B2B6-4327-96E6-CE66C42B6236}.Release|Any CPU.Build.0 = Release|Any CPU
	EndGlobalSection
	GlobalSection(SolutionProperties) = preSolution
		HideSolutionNode = FALSE
	EndGlobalSection
	GlobalSection(ExtensibilityGlobals) = postSolution
		SolutionGuid = {097D800D-2F9C-4108-88C8-B236EAA12F1F}
	EndGlobalSection
EndGlobal
