
Microsoft Visual Studio Solution File, Format Version 12.00
# Visual Studio 14
VisualStudioVersion = 14.0.25420.1
MinimumVisualStudioVersion = 10.0.40219.1
Project("{2150E333-8FDC-42A3-9474-1A3956D46DE8}") = "References", "References", "{07E3CEC6-C64C-4967-9C8C-634FF91E7C05}"
	ProjectSection(SolutionItems) = preProject
		References\SetAssemblyVersion.exe = References\SetAssemblyVersion.exe
		References\SetAssemblyVersion.exe.config = References\SetAssemblyVersion.exe.config
	EndProjectSection
EndProject
Project("{FAE04EC0-301F-11D3-BF4B-00C04F79EFBC}") = "DLaB.EarlyBoundGenerator", "DLaB.EarlyBoundGenerator\DLaB.EarlyBoundGenerator.csproj", "{7DE85F1A-794C-4E95-9E23-FA29DC110ABA}"
	ProjectSection(ProjectDependencies) = postProject
		{7827FCAF-6AA2-46B9-BB88-0D3CA9DD4D32} = {7827FCAF-6AA2-46B9-BB88-0D3CA9DD4D32}
	EndProjectSection
EndProject
Project("{FAE04EC0-301F-11D3-BF4B-00C04F79EFBC}") = "DLaB.CrmSvcUtilExtensions", "DLaB.CrmSvcUtilExtensions\DLaB.CrmSvcUtilExtensions.csproj", "{7827FCAF-6AA2-46B9-BB88-0D3CA9DD4D32}"
EndProject
Project("{FAE04EC0-301F-11D3-BF4B-00C04F79EFBC}") = "DLaB.AttributeManager", "DLaB.AttributeManager\DLaB.AttributeManager.csproj", "{FCB8A4E4-622B-413A-A531-B612E5F1436C}"
EndProject
Project("{2150E333-8FDC-42A3-9474-1A3956D46DE8}") = "NuGet", "NuGet", "{4209BA61-6ECE-4CD2-9E4E-56701E72C88C}"
	ProjectSection(SolutionItems) = preProject
		DLaB.EarlyBoundGenerator\DLaB.XrmToolBoxTools.nuspec = DLaB.EarlyBoundGenerator\DLaB.XrmToolBoxTools.nuspec
	EndProjectSection
EndProject
Project("{FAE04EC0-301F-11D3-BF4B-00C04F79EFBC}") = "DLaB.CrmSvcUtilExtensions.Tests", "DLaB.CrmSvcUtilExtensions.Tests\DLaB.CrmSvcUtilExtensions.Tests.csproj", "{9E7917B8-42E9-44CA-993A-15D7E60363EF}"
EndProject
Project("{FAE04EC0-301F-11D3-BF4B-00C04F79EFBC}") = "DLaB.XrmToolboxCommon", "DLaB.XrmToolBoxCommon\DLaB.XrmToolboxCommon.csproj", "{B024C05F-39E5-4670-A6AE-BC1A96B6FF29}"
EndProject
Global
	GlobalSection(SolutionConfigurationPlatforms) = preSolution
		Debug|Any CPU = Debug|Any CPU
		Release|Any CPU = Release|Any CPU
	EndGlobalSection
	GlobalSection(ProjectConfigurationPlatforms) = postSolution
		{7DE85F1A-794C-4E95-9E23-FA29DC110ABA}.Debug|Any CPU.ActiveCfg = Debug|Any CPU
		{7DE85F1A-794C-4E95-9E23-FA29DC110ABA}.Debug|Any CPU.Build.0 = Debug|Any CPU
		{7DE85F1A-794C-4E95-9E23-FA29DC110ABA}.Release|Any CPU.ActiveCfg = Release|Any CPU
		{7DE85F1A-794C-4E95-9E23-FA29DC110ABA}.Release|Any CPU.Build.0 = Release|Any CPU
		{7827FCAF-6AA2-46B9-BB88-0D3CA9DD4D32}.Debug|Any CPU.ActiveCfg = Debug|Any CPU
		{7827FCAF-6AA2-46B9-BB88-0D3CA9DD4D32}.Debug|Any CPU.Build.0 = Debug|Any CPU
		{7827FCAF-6AA2-46B9-BB88-0D3CA9DD4D32}.Release|Any CPU.ActiveCfg = Release|Any CPU
		{7827FCAF-6AA2-46B9-BB88-0D3CA9DD4D32}.Release|Any CPU.Build.0 = Release|Any CPU
		{FCB8A4E4-622B-413A-A531-B612E5F1436C}.Debug|Any CPU.ActiveCfg = Debug|Any CPU
		{FCB8A4E4-622B-413A-A531-B612E5F1436C}.Debug|Any CPU.Build.0 = Debug|Any CPU
		{FCB8A4E4-622B-413A-A531-B612E5F1436C}.Release|Any CPU.ActiveCfg = Release|Any CPU
		{FCB8A4E4-622B-413A-A531-B612E5F1436C}.Release|Any CPU.Build.0 = Release|Any CPU
		{9E7917B8-42E9-44CA-993A-15D7E60363EF}.Debug|Any CPU.ActiveCfg = Debug|Any CPU
		{9E7917B8-42E9-44CA-993A-15D7E60363EF}.Debug|Any CPU.Build.0 = Debug|Any CPU
		{9E7917B8-42E9-44CA-993A-15D7E60363EF}.Release|Any CPU.ActiveCfg = Release|Any CPU
		{9E7917B8-42E9-44CA-993A-15D7E60363EF}.Release|Any CPU.Build.0 = Release|Any CPU
		{B024C05F-39E5-4670-A6AE-BC1A96B6FF29}.Debug|Any CPU.ActiveCfg = Debug|Any CPU
		{B024C05F-39E5-4670-A6AE-BC1A96B6FF29}.Debug|Any CPU.Build.0 = Debug|Any CPU
		{B024C05F-39E5-4670-A6AE-BC1A96B6FF29}.Release|Any CPU.ActiveCfg = Release|Any CPU
		{B024C05F-39E5-4670-A6AE-BC1A96B6FF29}.Release|Any CPU.Build.0 = Release|Any CPU
	EndGlobalSection
	GlobalSection(SolutionProperties) = preSolution
		HideSolutionNode = FALSE
	EndGlobalSection
EndGlobal
